# This file was autogenerated by Stack.
# You should not edit this file by hand.
# For more information, please see the documentation at:
#   https://docs.haskellstack.org/en/stable/lock_files

packages:
- completed:
    hackage: lens-4.19.2@sha256:3ed9c993cdd6b397f9f56cef5f71cc51003e15eeafe76948dabf36ee22d0e6ae,16053
    pantry-tree:
      size: 8330
      sha256: 127feaac3b08b04420d8cfef0ac53a183538f4284914099e8236feb03773707d
  original:
    hackage: lens-4.19.2@sha256:3ed9c993cdd6b397f9f56cef5f71cc51003e15eeafe76948dabf36ee22d0e6ae,16053
snapshots:
- completed:
    size: 532386
    url: https://raw.githubusercontent.com/commercialhaskell/stackage-snapshots/master/lts/16/17.yaml
    sha256: d3ee1ae797cf63189c95cf27f00700304946c5cb3c1e6a82001cd6584a221e1b
  original: lts-16.17
